
Microsoft Visual Studio Solution File, Format Version 12.00
# Visual Studio Version 16
VisualStudioVersion = 16.0.30320.27
MinimumVisualStudioVersion = 10.0.40219.1
Project("{FAE04EC0-301F-11D3-BF4B-00C04F79EFBC}") = "FacebookChatBot", "FacebookChatBot.csproj", "{176BF206-6900-465B-935F-C2856C39B1A6}"
EndProject
Global
	GlobalSection(SolutionConfigurationPlatforms) = preSolution
		Debug|Any CPU = Debug|Any CPU
		Release|Any CPU = Release|Any CPU
	EndGlobalSection
	GlobalSection(ProjectConfigurationPlatforms) = postSolution
		{176BF206-6900-465B-935F-C2856C39B1A6}.Debug|Any CPU.ActiveCfg = Debug|Any CPU
		{176BF206-6900-465B-935F-C2856C39B1A6}.Debug|Any CPU.Build.0 = Debug|Any CPU
		{176BF206-6900-465B-935F-C2856C39B1A6}.Release|Any CPU.ActiveCfg = Release|Any CPU
		{176BF206-6900-465B-935F-C2856C39B1A6}.Release|Any CPU.Build.0 = Release|Any CPU
	EndGlobalSection
	GlobalSection(SolutionProperties) = preSolution
		HideSolutionNode = FALSE
	EndGlobalSection
	GlobalSection(ExtensibilityGlobals) = postSolution
		SolutionGuid = {2980AF8D-2F69-417D-A62E-5756121B2E04}
	EndGlobalSection
EndGlobal
